// !$*UTF8*$!
{
	archiveVersion = 1;
	classes = {
	};
	objectVersion = 46;
	objects = {

/* Begin PBXBuildFile section */
		EA28D5981998848600662CDB /* icon_58.png in Resources */ = {isa = PBXBuildFile; fileRef = EA28D5951998848600662CDB /* icon_58.png */; };
		EA28D5991998848600662CDB /* icon.png in Resources */ = {isa = PBXBuildFile; fileRef = EA28D5961998848600662CDB /* icon.png */; };
		EA28D59A1998848600662CDB /* icon_80.png in Resources */ = {isa = PBXBuildFile; fileRef = EA28D5971998848600662CDB /* icon_80.png */; };
		EA28D59D1998880800662CDB /* Image.png in Resources */ = {isa = PBXBuildFile; fileRef = EA28D59B1998880800662CDB /* Image.png */; };
		EA28D59E1998880800662CDB /* Image_small.png in Resources */ = {isa = PBXBuildFile; fileRef = EA28D59C1998880800662CDB /* Image_small.png */; };
		EA2BCFF01997E99600B77DFB /* d6.png in Resources */ = {isa = PBXBuildFile; fileRef = EA2BCFEF1997E99600B77DFB /* d6.png */; };
		EA2BCFF51997EDC900B77DFB /* d2.png in Resources */ = {isa = PBXBuildFile; fileRef = EA2BCFF41997EDC900B77DFB /* d2.png */; };
		EA2BCFF91998215D00B77DFB /* d8.png in Resources */ = {isa = PBXBuildFile; fileRef = EA2BCFF81998215D00B77DFB /* d8.png */; };
		EA2BCFFB19982CD800B77DFB /* d4.png in Resources */ = {isa = PBXBuildFile; fileRef = EA2BCFFA19982CD800B77DFB /* d4.png */; };
		EA2BCFFF1998397500B77DFB /* d10.png in Resources */ = {isa = PBXBuildFile; fileRef = EA2BCFFE1998397500B77DFB /* d10.png */; };
		EA2BD0031998415C00B77DFB /* d12.png in Resources */ = {isa = PBXBuildFile; fileRef = EA2BD0021998415C00B77DFB /* d12.png */; };
		EA2BD0051998446800B77DFB /* d20.png in Resources */ = {isa = PBXBuildFile; fileRef = EA2BD0041998446800B77DFB /* d20.png */; };
		EA2BD0071998472300B77DFB /* d16.png in Resources */ = {isa = PBXBuildFile; fileRef = EA2BD0061998472300B77DFB /* d16.png */; };
		EA2BD00B199849F700B77DFB /* Back.png in Resources */ = {isa = PBXBuildFile; fileRef = EA2BD00A199849F700B77DFB /* Back.png */; };
		EA8D6AF519970DE600A5FD36 /* Foundation.framework in Frameworks */ = {isa = PBXBuildFile; fileRef = EA8D6AF419970DE600A5FD36 /* Foundation.framework */; };
		EA8D6AF719970DE600A5FD36 /* CoreGraphics.framework in Frameworks */ = {isa = PBXBuildFile; fileRef = EA8D6AF619970DE600A5FD36 /* CoreGraphics.framework */; };
		EA8D6AF919970DE600A5FD36 /* UIKit.framework in Frameworks */ = {isa = PBXBuildFile; fileRef = EA8D6AF819970DE600A5FD36 /* UIKit.framework */; };
		EA8D6AFF19970DE600A5FD36 /* InfoPlist.strings in Resources */ = {isa = PBXBuildFile; fileRef = EA8D6AFD19970DE600A5FD36 /* InfoPlist.strings */; };
		EA8D6B0119970DE600A5FD36 /* main.m in Sources */ = {isa = PBXBuildFile; fileRef = EA8D6B0019970DE600A5FD36 /* main.m */; };
		EA8D6B0519970DE600A5FD36 /* AppDelegate.m in Sources */ = {isa = PBXBuildFile; fileRef = EA8D6B0419970DE600A5FD36 /* AppDelegate.m */; };
		EA8D6B0819970DE600A5FD36 /* Main_iPhone.storyboard in Resources */ = {isa = PBXBuildFile; fileRef = EA8D6B0619970DE600A5FD36 /* Main_iPhone.storyboard */; };
		EA8D6B0B19970DE700A5FD36 /* Main_iPad.storyboard in Resources */ = {isa = PBXBuildFile; fileRef = EA8D6B0919970DE700A5FD36 /* Main_iPad.storyboard */; };
		EA8D6B0E19970DE700A5FD36 /* ViewController.m in Sources */ = {isa = PBXBuildFile; fileRef = EA8D6B0D19970DE700A5FD36 /* ViewController.m */; };
		EA8D6B1019970DE700A5FD36 /* Images.xcassets in Resources */ = {isa = PBXBuildFile; fileRef = EA8D6B0F19970DE700A5FD36 /* Images.xcassets */; };
		EA8D6B1719970DE700A5FD36 /* XCTest.framework in Frameworks */ = {isa = PBXBuildFile; fileRef = EA8D6B1619970DE700A5FD36 /* XCTest.framework */; };
		EA8D6B1819970DE700A5FD36 /* Foundation.framework in Frameworks */ = {isa = PBXBuildFile; fileRef = EA8D6AF419970DE600A5FD36 /* Foundation.framework */; };
		EA8D6B1919970DE700A5FD36 /* UIKit.framework in Frameworks */ = {isa = PBXBuildFile; fileRef = EA8D6AF819970DE600A5FD36 /* UIKit.framework */; };
		EA8D6B2119970DE700A5FD36 /* InfoPlist.strings in Resources */ = {isa = PBXBuildFile; fileRef = EA8D6B1F19970DE700A5FD36 /* InfoPlist.strings */; };
		EA8D6B2319970DE700A5FD36 /* DiceZL5Tests.m in Sources */ = {isa = PBXBuildFile; fileRef = EA8D6B2219970DE700A5FD36 /* DiceZL5Tests.m */; };
		EAABD50419973B09002F1694 /* Dice.m in Sources */ = {isa = PBXBuildFile; fileRef = EAABD50319973B09002F1694 /* Dice.m */; };
		EAC3B1D4199726B900127D05 /* DiceController.m in Sources */ = {isa = PBXBuildFile; fileRef = EAC3B1D3199726B900127D05 /* DiceController.m */; };
/* End PBXBuildFile section */

/* Begin PBXContainerItemProxy section */
		EA8D6B1A19970DE700A5FD36 /* PBXContainerItemProxy */ = {
			isa = PBXContainerItemProxy;
			containerPortal = EA8D6AE919970DE600A5FD36 /* Project object */;
			proxyType = 1;
			remoteGlobalIDString = EA8D6AF019970DE600A5FD36;
			remoteInfo = DiceZL5;
		};
/* End PBXContainerItemProxy section */

/* Begin PBXFileReference section */
		EA28D5951998848600662CDB /* icon_58.png */ = {isa = PBXFileReference; lastKnownFileType = image.png; path = icon_58.png; sourceTree = "<group>"; };
		EA28D5961998848600662CDB /* icon.png */ = {isa = PBXFileReference; lastKnownFileType = image.png; path = icon.png; sourceTree = "<group>"; };
		EA28D5971998848600662CDB /* icon_80.png */ = {isa = PBXFileReference; lastKnownFileType = image.png; path = icon_80.png; sourceTree = "<group>"; };
		EA28D59B1998880800662CDB /* Image.png */ = {isa = PBXFileReference; lastKnownFileType = image.png; path = Image.png; sourceTree = "<group>"; };
		EA28D59C1998880800662CDB /* Image_small.png */ = {isa = PBXFileReference; lastKnownFileType = image.png; path = Image_small.png; sourceTree = "<group>"; };
		EA2BCFEF1997E99600B77DFB /* d6.png */ = {isa = PBXFileReference; lastKnownFileType = image.png; path = d6.png; sourceTree = "<group>"; };
		EA2BCFF41997EDC900B77DFB /* d2.png */ = {isa = PBXFileReference; lastKnownFileType = image.png; path = d2.png; sourceTree = "<group>"; };
		EA2BCFF81998215D00B77DFB /* d8.png */ = {isa = PBXFileReference; lastKnownFileType = image.png; path = d8.png; sourceTree = "<group>"; };
		EA2BCFFA19982CD800B77DFB /* d4.png */ = {isa = PBXFileReference; lastKnownFileType = image.png; path = d4.png; sourceTree = "<group>"; };
		EA2BCFFE1998397500B77DFB /* d10.png */ = {isa = PBXFileReference; lastKnownFileType = image.png; path = d10.png; sourceTree = "<group>"; };
		EA2BD0021998415C00B77DFB /* d12.png */ = {isa = PBXFileReference; lastKnownFileType = image.png; path = d12.png; sourceTree = "<group>"; };
		EA2BD0041998446800B77DFB /* d20.png */ = {isa = PBXFileReference; lastKnownFileType = image.png; path = d20.png; sourceTree = "<group>"; };
		EA2BD0061998472300B77DFB /* d16.png */ = {isa = PBXFileReference; lastKnownFileType = image.png; path = d16.png; sourceTree = "<group>"; };
		EA2BD00A199849F700B77DFB /* Back.png */ = {isa = PBXFileReference; lastKnownFileType = image.png; path = Back.png; sourceTree = "<group>"; };
		EA8D6AF119970DE600A5FD36 /* DiceZL5.app */ = {isa = PBXFileReference; explicitFileType = wrapper.application; includeInIndex = 0; path = DiceZL5.app; sourceTree = BUILT_PRODUCTS_DIR; };
		EA8D6AF419970DE600A5FD36 /* Foundation.framework */ = {isa = PBXFileReference; lastKnownFileType = wrapper.framework; name = Foundation.framework; path = System/Library/Frameworks/Foundation.framework; sourceTree = SDKROOT; };
		EA8D6AF619970DE600A5FD36 /* CoreGraphics.framework */ = {isa = PBXFileReference; lastKnownFileType = wrapper.framework; name = CoreGraphics.framework; path = System/Library/Frameworks/CoreGraphics.framework; sourceTree = SDKROOT; };
		EA8D6AF819970DE600A5FD36 /* UIKit.framework */ = {isa = PBXFileReference; lastKnownFileType = wrapper.framework; name = UIKit.framework; path = System/Library/Frameworks/UIKit.framework; sourceTree = SDKROOT; };
		EA8D6AFC19970DE600A5FD36 /* DiceZL5-Info.plist */ = {isa = PBXFileReference; lastKnownFileType = text.plist.xml; path = "DiceZL5-Info.plist"; sourceTree = "<group>"; };
		EA8D6AFE19970DE600A5FD36 /* en */ = {isa = PBXFileReference; lastKnownFileType = text.plist.strings; name = en; path = en.lproj/InfoPlist.strings; sourceTree = "<group>"; };
		EA8D6B0019970DE600A5FD36 /* main.m */ = {isa = PBXFileReference; lastKnownFileType = sourcecode.c.objc; path = main.m; sourceTree = "<group>"; };
		EA8D6B0219970DE600A5FD36 /* DiceZL5-Prefix.pch */ = {isa = PBXFileReference; lastKnownFileType = sourcecode.c.h; path = "DiceZL5-Prefix.pch"; sourceTree = "<group>"; };
		EA8D6B0319970DE600A5FD36 /* AppDelegate.h */ = {isa = PBXFileReference; lastKnownFileType = sourcecode.c.h; path = AppDelegate.h; sourceTree = "<group>"; };
		EA8D6B0419970DE600A5FD36 /* AppDelegate.m */ = {isa = PBXFileReference; lastKnownFileType = sourcecode.c.objc; path = AppDelegate.m; sourceTree = "<group>"; };
		EA8D6B0719970DE600A5FD36 /* Base */ = {isa = PBXFileReference; lastKnownFileType = file.storyboard; name = Base; path = Base.lproj/Main_iPhone.storyboard; sourceTree = "<group>"; };
		EA8D6B0A19970DE700A5FD36 /* Base */ = {isa = PBXFileReference; lastKnownFileType = file.storyboard; name = Base; path = Base.lproj/Main_iPad.storyboard; sourceTree = "<group>"; };
		EA8D6B0C19970DE700A5FD36 /* ViewController.h */ = {isa = PBXFileReference; lastKnownFileType = sourcecode.c.h; path = ViewController.h; sourceTree = "<group>"; };
		EA8D6B0D19970DE700A5FD36 /* ViewController.m */ = {isa = PBXFileReference; lastKnownFileType = sourcecode.c.objc; path = ViewController.m; sourceTree = "<group>"; };
		EA8D6B0F19970DE700A5FD36 /* Images.xcassets */ = {isa = PBXFileReference; lastKnownFileType = folder.assetcatalog; path = Images.xcassets; sourceTree = "<group>"; };
		EA8D6B1519970DE700A5FD36 /* DiceZL5Tests.xctest */ = {isa = PBXFileReference; explicitFileType = wrapper.cfbundle; includeInIndex = 0; path = DiceZL5Tests.xctest; sourceTree = BUILT_PRODUCTS_DIR; };
		EA8D6B1619970DE700A5FD36 /* XCTest.framework */ = {isa = PBXFileReference; lastKnownFileType = wrapper.framework; name = XCTest.framework; path = Library/Frameworks/XCTest.framework; sourceTree = DEVELOPER_DIR; };
		EA8D6B1E19970DE700A5FD36 /* DiceZL5Tests-Info.plist */ = {isa = PBXFileReference; lastKnownFileType = text.plist.xml; path = "DiceZL5Tests-Info.plist"; sourceTree = "<group>"; };
		EA8D6B2019970DE700A5FD36 /* en */ = {isa = PBXFileReference; lastKnownFileType = text.plist.strings; name = en; path = en.lproj/InfoPlist.strings; sourceTree = "<group>"; };
		EA8D6B2219970DE700A5FD36 /* DiceZL5Tests.m */ = {isa = PBXFileReference; lastKnownFileType = sourcecode.c.objc; path = DiceZL5Tests.m; sourceTree = "<group>"; };
		EAABD50219973B09002F1694 /* Dice.h */ = {isa = PBXFileReference; fileEncoding = 4; lastKnownFileType = sourcecode.c.h; name = Dice.h; path = ../Dice.h; sourceTree = "<group>"; };
		EAABD50319973B09002F1694 /* Dice.m */ = {isa = PBXFileReference; fileEncoding = 4; lastKnownFileType = sourcecode.c.objc; name = Dice.m; path = ../Dice.m; sourceTree = "<group>"; };
		EAC3B1D2199726B900127D05 /* DiceController.h */ = {isa = PBXFileReference; fileEncoding = 4; lastKnownFileType = sourcecode.c.h; path = DiceController.h; sourceTree = "<group>"; };
		EAC3B1D3199726B900127D05 /* DiceController.m */ = {isa = PBXFileReference; fileEncoding = 4; lastKnownFileType = sourcecode.c.objc; path = DiceController.m; sourceTree = "<group>"; };
/* End PBXFileReference section */

/* Begin PBXFrameworksBuildPhase section */
		EA8D6AEE19970DE600A5FD36 /* Frameworks */ = {
			isa = PBXFrameworksBuildPhase;
			buildActionMask = 2147483647;
			files = (
				EA8D6AF719970DE600A5FD36 /* CoreGraphics.framework in Frameworks */,
				EA8D6AF919970DE600A5FD36 /* UIKit.framework in Frameworks */,
				EA8D6AF519970DE600A5FD36 /* Foundation.framework in Frameworks */,
			);
			runOnlyForDeploymentPostprocessing = 0;
		};
		EA8D6B1219970DE700A5FD36 /* Frameworks */ = {
			isa = PBXFrameworksBuildPhase;
			buildActionMask = 2147483647;
			files = (
				EA8D6B1719970DE700A5FD36 /* XCTest.framework in Frameworks */,
				EA8D6B1919970DE700A5FD36 /* UIKit.framework in Frameworks */,
				EA8D6B1819970DE700A5FD36 /* Foundation.framework in Frameworks */,
			);
			runOnlyForDeploymentPostprocessing = 0;
		};
/* End PBXFrameworksBuildPhase section */

/* Begin PBXGroup section */
		EA2BCFF11997E99C00B77DFB /* Dice */ = {
			isa = PBXGroup;
			children = (
				EA28D59B1998880800662CDB /* Image.png */,
				EA28D59C1998880800662CDB /* Image_small.png */,
				EA28D5951998848600662CDB /* icon_58.png */,
				EA28D5961998848600662CDB /* icon.png */,
				EA28D5971998848600662CDB /* icon_80.png */,
				EA2BD00A199849F700B77DFB /* Back.png */,
				EA2BD0061998472300B77DFB /* d16.png */,
				EA2BD0041998446800B77DFB /* d20.png */,
				EA2BD0021998415C00B77DFB /* d12.png */,
				EA2BCFFE1998397500B77DFB /* d10.png */,
				EA2BCFFA19982CD800B77DFB /* d4.png */,
				EA2BCFF81998215D00B77DFB /* d8.png */,
				EA2BCFF41997EDC900B77DFB /* d2.png */,
				EAABD50219973B09002F1694 /* Dice.h */,
				EAABD50319973B09002F1694 /* Dice.m */,
				EA2BCFEF1997E99600B77DFB /* d6.png */,
			);
			name = Dice;
			sourceTree = "<group>";
		};
		EA8D6AE819970DE600A5FD36 = {
			isa = PBXGroup;
			children = (
				EA8D6AFA19970DE600A5FD36 /* DiceZL5 */,
				EA8D6B1C19970DE700A5FD36 /* DiceZL5Tests */,
				EA8D6AF319970DE600A5FD36 /* Frameworks */,
				EA8D6AF219970DE600A5FD36 /* Products */,
			);
			sourceTree = "<group>";
		};
		EA8D6AF219970DE600A5FD36 /* Products */ = {
			isa = PBXGroup;
			children = (
				EA8D6AF119970DE600A5FD36 /* DiceZL5.app */,
				EA8D6B1519970DE700A5FD36 /* DiceZL5Tests.xctest */,
			);
			name = Products;
			sourceTree = "<group>";
		};
		EA8D6AF319970DE600A5FD36 /* Frameworks */ = {
			isa = PBXGroup;
			children = (
				EA8D6AF419970DE600A5FD36 /* Foundation.framework */,
				EA8D6AF619970DE600A5FD36 /* CoreGraphics.framework */,
				EA8D6AF819970DE600A5FD36 /* UIKit.framework */,
				EA8D6B1619970DE700A5FD36 /* XCTest.framework */,
			);
			name = Frameworks;
			sourceTree = "<group>";
		};
		EA8D6AFA19970DE600A5FD36 /* DiceZL5 */ = {
			isa = PBXGroup;
			children = (
				EA2BCFF11997E99C00B77DFB /* Dice */,
				EA8D6B0319970DE600A5FD36 /* AppDelegate.h */,
				EA8D6B0419970DE600A5FD36 /* AppDelegate.m */,
				EA8D6B0619970DE600A5FD36 /* Main_iPhone.storyboard */,
				EA8D6B0919970DE700A5FD36 /* Main_iPad.storyboard */,
				EA8D6B0C19970DE700A5FD36 /* ViewController.h */,
				EA8D6B0D19970DE700A5FD36 /* ViewController.m */,
				EA8D6B0F19970DE700A5FD36 /* Images.xcassets */,
				EA8D6AFB19970DE600A5FD36 /* Supporting Files */,
				EAC3B1D2199726B900127D05 /* DiceController.h */,
				EAC3B1D3199726B900127D05 /* DiceController.m */,
			);
			path = DiceZL5;
			sourceTree = "<group>";
		};
		EA8D6AFB19970DE600A5FD36 /* Supporting Files */ = {
			isa = PBXGroup;
			children = (
				EA8D6AFC19970DE600A5FD36 /* DiceZL5-Info.plist */,
				EA8D6AFD19970DE600A5FD36 /* InfoPlist.strings */,
				EA8D6B0019970DE600A5FD36 /* main.m */,
				EA8D6B0219970DE600A5FD36 /* DiceZL5-Prefix.pch */,
			);
			name = "Supporting Files";
			sourceTree = "<group>";
		};
		EA8D6B1C19970DE700A5FD36 /* DiceZL5Tests */ = {
			isa = PBXGroup;
			children = (
				EA8D6B2219970DE700A5FD36 /* DiceZL5Tests.m */,
				EA8D6B1D19970DE700A5FD36 /* Supporting Files */,
			);
			path = DiceZL5Tests;
			sourceTree = "<group>";
		};
		EA8D6B1D19970DE700A5FD36 /* Supporting Files */ = {
			isa = PBXGroup;
			children = (
				EA8D6B1E19970DE700A5FD36 /* DiceZL5Tests-Info.plist */,
				EA8D6B1F19970DE700A5FD36 /* InfoPlist.strings */,
			);
			name = "Supporting Files";
			sourceTree = "<group>";
		};
/* End PBXGroup section */

/* Begin PBXNativeTarget section */
		EA8D6AF019970DE600A5FD36 /* DiceZL5 */ = {
			isa = PBXNativeTarget;
			buildConfigurationList = EA8D6B2619970DE700A5FD36 /* Build configuration list for PBXNativeTarget "DiceZL5" */;
			buildPhases = (
				EA8D6AED19970DE600A5FD36 /* Sources */,
				EA8D6AEE19970DE600A5FD36 /* Frameworks */,
				EA8D6AEF19970DE600A5FD36 /* Resources */,
			);
			buildRules = (
			);
			dependencies = (
			);
			name = DiceZL5;
			productName = DiceZL5;
			productReference = EA8D6AF119970DE600A5FD36 /* DiceZL5.app */;
			productType = "com.apple.product-type.application";
		};
		EA8D6B1419970DE700A5FD36 /* DiceZL5Tests */ = {
			isa = PBXNativeTarget;
			buildConfigurationList = EA8D6B2919970DE700A5FD36 /* Build configuration list for PBXNativeTarget "DiceZL5Tests" */;
			buildPhases = (
				EA8D6B1119970DE700A5FD36 /* Sources */,
				EA8D6B1219970DE700A5FD36 /* Frameworks */,
				EA8D6B1319970DE700A5FD36 /* Resources */,
			);
			buildRules = (
			);
			dependencies = (
				EA8D6B1B19970DE700A5FD36 /* PBXTargetDependency */,
			);
			name = DiceZL5Tests;
			productName = DiceZL5Tests;
			productReference = EA8D6B1519970DE700A5FD36 /* DiceZL5Tests.xctest */;
			productType = "com.apple.product-type.bundle.unit-test";
		};
/* End PBXNativeTarget section */

/* Begin PBXProject section */
		EA8D6AE919970DE600A5FD36 /* Project object */ = {
			isa = PBXProject;
			attributes = {
				LastUpgradeCheck = 0510;
				ORGANIZATIONNAME = ZeroLinux5;
				TargetAttributes = {
					EA8D6B1419970DE700A5FD36 = {
						TestTargetID = EA8D6AF019970DE600A5FD36;
					};
				};
			};
			buildConfigurationList = EA8D6AEC19970DE600A5FD36 /* Build configuration list for PBXProject "DiceZL5" */;
			compatibilityVersion = "Xcode 3.2";
			developmentRegion = English;
			hasScannedForEncodings = 0;
			knownRegions = (
				en,
				Base,
			);
			mainGroup = EA8D6AE819970DE600A5FD36;
			productRefGroup = EA8D6AF219970DE600A5FD36 /* Products */;
			projectDirPath = "";
			projectRoot = "";
			targets = (
				EA8D6AF019970DE600A5FD36 /* DiceZL5 */,
				EA8D6B1419970DE700A5FD36 /* DiceZL5Tests */,
			);
		};
/* End PBXProject section */

/* Begin PBXResourcesBuildPhase section */
		EA8D6AEF19970DE600A5FD36 /* Resources */ = {
			isa = PBXResourcesBuildPhase;
			buildActionMask = 2147483647;
			files = (
				EA2BD00B199849F700B77DFB /* Back.png in Resources */,
				EA2BCFF01997E99600B77DFB /* d6.png in Resources */,
				EA2BCFFB19982CD800B77DFB /* d4.png in Resources */,
				EA8D6B0B19970DE700A5FD36 /* Main_iPad.storyboard in Resources */,
				EA2BD0031998415C00B77DFB /* d12.png in Resources */,
				EA8D6B1019970DE700A5FD36 /* Images.xcassets in Resources */,
				EA2BD0051998446800B77DFB /* d20.png in Resources */,
				EA2BCFF91998215D00B77DFB /* d8.png in Resources */,
				EA2BCFF51997EDC900B77DFB /* d2.png in Resources */,
				EA2BCFFF1998397500B77DFB /* d10.png in Resources */,
				EA2BD0071998472300B77DFB /* d16.png in Resources */,
				EA28D59D1998880800662CDB /* Image.png in Resources */,
				EA28D5991998848600662CDB /* icon.png in Resources */,
				EA8D6B0819970DE600A5FD36 /* Main_iPhone.storyboard in Resources */,
				EA8D6AFF19970DE600A5FD36 /* InfoPlist.strings in Resources */,
				EA28D59A1998848600662CDB /* icon_80.png in Resources */,
				EA28D5981998848600662CDB /* icon_58.png in Resources */,
				EA28D59E1998880800662CDB /* Image_small.png in Resources */,
			);
			runOnlyForDeploymentPostprocessing = 0;
		};
		EA8D6B1319970DE700A5FD36 /* Resources */ = {
			isa = PBXResourcesBuildPhase;
			buildActionMask = 2147483647;
			files = (
				EA8D6B2119970DE700A5FD36 /* InfoPlist.strings in Resources */,
			);
			runOnlyForDeploymentPostprocessing = 0;
		};
/* End PBXResourcesBuildPhase section */

/* Begin PBXSourcesBuildPhase section */
		EA8D6AED19970DE600A5FD36 /* Sources */ = {
			isa = PBXSourcesBuildPhase;
			buildActionMask = 2147483647;
			files = (
				EAABD50419973B09002F1694 /* Dice.m in Sources */,
				EAC3B1D4199726B900127D05 /* DiceController.m in Sources */,
				EA8D6B0E19970DE700A5FD36 /* ViewController.m in Sources */,
				EA8D6B0519970DE600A5FD36 /* AppDelegate.m in Sources */,
				EA8D6B0119970DE600A5FD36 /* main.m in Sources */,
			);
			runOnlyForDeploymentPostprocessing = 0;
		};
		EA8D6B1119970DE700A5FD36 /* Sources */ = {
			isa = PBXSourcesBuildPhase;
			buildActionMask = 2147483647;
			files = (
				EA8D6B2319970DE700A5FD36 /* DiceZL5Tests.m in Sources */,
			);
			runOnlyForDeploymentPostprocessing = 0;
		};
/* End PBXSourcesBuildPhase section */

/* Begin PBXTargetDependency section */
		EA8D6B1B19970DE700A5FD36 /* PBXTargetDependency */ = {
			isa = PBXTargetDependency;
			target = EA8D6AF019970DE600A5FD36 /* DiceZL5 */;
			targetProxy = EA8D6B1A19970DE700A5FD36 /* PBXContainerItemProxy */;
		};
/* End PBXTargetDependency section */

/* Begin PBXVariantGroup section */
		EA8D6AFD19970DE600A5FD36 /* InfoPlist.strings */ = {
			isa = PBXVariantGroup;
			children = (
				EA8D6AFE19970DE600A5FD36 /* en */,
			);
			name = InfoPlist.strings;
			sourceTree = "<group>";
		};
		EA8D6B0619970DE600A5FD36 /* Main_iPhone.storyboard */ = {
			isa = PBXVariantGroup;
			children = (
				EA8D6B0719970DE600A5FD36 /* Base */,
			);
			name = Main_iPhone.storyboard;
			sourceTree = "<group>";
		};
		EA8D6B0919970DE700A5FD36 /* Main_iPad.storyboard */ = {
			isa = PBXVariantGroup;
			children = (
				EA8D6B0A19970DE700A5FD36 /* Base */,
			);
			name = Main_iPad.storyboard;
			sourceTree = "<group>";
		};
		EA8D6B1F19970DE700A5FD36 /* InfoPlist.strings */ = {
			isa = PBXVariantGroup;
			children = (
				EA8D6B2019970DE700A5FD36 /* en */,
			);
			name = InfoPlist.strings;
			sourceTree = "<group>";
		};
/* End PBXVariantGroup section */

/* Begin XCBuildConfiguration section */
		EA8D6B2419970DE700A5FD36 /* Debug */ = {
			isa = XCBuildConfiguration;
			buildSettings = {
				ALWAYS_SEARCH_USER_PATHS = NO;
				CLANG_CXX_LANGUAGE_STANDARD = "gnu++0x";
				CLANG_CXX_LIBRARY = "libc++";
				CLANG_ENABLE_MODULES = YES;
				CLANG_ENABLE_OBJC_ARC = YES;
				CLANG_WARN_BOOL_CONVERSION = YES;
				CLANG_WARN_CONSTANT_CONVERSION = YES;
				CLANG_WARN_DIRECT_OBJC_ISA_USAGE = YES_ERROR;
				CLANG_WARN_EMPTY_BODY = YES;
				CLANG_WARN_ENUM_CONVERSION = YES;
				CLANG_WARN_INT_CONVERSION = YES;
				CLANG_WARN_OBJC_ROOT_CLASS = YES_ERROR;
				CLANG_WARN__DUPLICATE_METHOD_MATCH = YES;
				"CODE_SIGN_IDENTITY[sdk=iphoneos*]" = "iPhone Developer";
				COPY_PHASE_STRIP = NO;
				GCC_C_LANGUAGE_STANDARD = gnu99;
				GCC_DYNAMIC_NO_PIC = NO;
				GCC_OPTIMIZATION_LEVEL = 0;
				GCC_PREPROCESSOR_DEFINITIONS = (
					"DEBUG=1",
					"$(inherited)",
				);
				GCC_SYMBOLS_PRIVATE_EXTERN = NO;
				GCC_WARN_64_TO_32_BIT_CONVERSION = YES;
				GCC_WARN_ABOUT_RETURN_TYPE = YES_ERROR;
				GCC_WARN_UNDECLARED_SELECTOR = YES;
				GCC_WARN_UNINITIALIZED_AUTOS = YES_AGGRESSIVE;
				GCC_WARN_UNUSED_FUNCTION = YES;
				GCC_WARN_UNUSED_VARIABLE = YES;
				IPHONEOS_DEPLOYMENT_TARGET = 7.1;
				ONLY_ACTIVE_ARCH = YES;
				SDKROOT = iphoneos;
				TARGETED_DEVICE_FAMILY = "1,2";
			};
			name = Debug;
		};
		EA8D6B2519970DE700A5FD36 /* Release */ = {
			isa = XCBuildConfiguration;
			buildSettings = {
				ALWAYS_SEARCH_USER_PATHS = NO;
				CLANG_CXX_LANGUAGE_STANDARD = "gnu++0x";
				CLANG_CXX_LIBRARY = "libc++";
				CLANG_ENABLE_MODULES = YES;
				CLANG_ENABLE_OBJC_ARC = YES;
				CLANG_WARN_BOOL_CONVERSION = YES;
				CLANG_WARN_CONSTANT_CONVERSION = YES;
				CLANG_WARN_DIRECT_OBJC_ISA_USAGE = YES_ERROR;
				CLANG_WARN_EMPTY_BODY = YES;
				CLANG_WARN_ENUM_CONVERSION = YES;
				CLANG_WARN_INT_CONVERSION = YES;
				CLANG_WARN_OBJC_ROOT_CLASS = YES_ERROR;
				CLANG_WARN__DUPLICATE_METHOD_MATCH = YES;
				"CODE_SIGN_IDENTITY[sdk=iphoneos*]" = "iPhone Developer";
				COPY_PHASE_STRIP = YES;
				ENABLE_NS_ASSERTIONS = NO;
				GCC_C_LANGUAGE_STANDARD = gnu99;
				GCC_WARN_64_TO_32_BIT_CONVERSION = YES;
				GCC_WARN_ABOUT_RETURN_TYPE = YES_ERROR;
				GCC_WARN_UNDECLARED_SELECTOR = YES;
				GCC_WARN_UNINITIALIZED_AUTOS = YES_AGGRESSIVE;
				GCC_WARN_UNUSED_FUNCTION = YES;
				GCC_WARN_UNUSED_VARIABLE = YES;
				IPHONEOS_DEPLOYMENT_TARGET = 7.1;
				SDKROOT = iphoneos;
				TARGETED_DEVICE_FAMILY = "1,2";
				VALIDATE_PRODUCT = YES;
			};
			name = Release;
		};
		EA8D6B2719970DE700A5FD36 /* Debug */ = {
			isa = XCBuildConfiguration;
			buildSettings = {
				ASSETCATALOG_COMPILER_APPICON_NAME = AppIcon;
				ASSETCATALOG_COMPILER_LAUNCHIMAGE_NAME = LaunchImage;
				GCC_PRECOMPILE_PREFIX_HEADER = YES;
				GCC_PREFIX_HEADER = "DiceZL5/DiceZL5-Prefix.pch";
				INFOPLIST_FILE = "DiceZL5/DiceZL5-Info.plist";
				PRODUCT_NAME = "$(TARGET_NAME)";
				TARGETED_DEVICE_FAMILY = 1;
				WRAPPER_EXTENSION = app;
			};
			name = Debug;
		};
		EA8D6B2819970DE700A5FD36 /* Release */ = {
			isa = XCBuildConfiguration;
			buildSettings = {
				ASSETCATALOG_COMPILER_APPICON_NAME = AppIcon;
				ASSETCATALOG_COMPILER_LAUNCHIMAGE_NAME = LaunchImage;
				GCC_PRECOMPILE_PREFIX_HEADER = YES;
				GCC_PREFIX_HEADER = "DiceZL5/DiceZL5-Prefix.pch";
				INFOPLIST_FILE = "DiceZL5/DiceZL5-Info.plist";
				PRODUCT_NAME = "$(TARGET_NAME)";
				TARGETED_DEVICE_FAMILY = 1;
				WRAPPER_EXTENSION = app;
			};
			name = Release;
		};
		EA8D6B2A19970DE700A5FD36 /* Debug */ = {
			isa = XCBuildConfiguration;
			buildSettings = {
				BUNDLE_LOADER = "$(BUILT_PRODUCTS_DIR)/DiceZL5.app/DiceZL5";
				FRAMEWORK_SEARCH_PATHS = (
					"$(SDKROOT)/Developer/Library/Frameworks",
					"$(inherited)",
					"$(DEVELOPER_FRAMEWORKS_DIR)",
				);
				GCC_PRECOMPILE_PREFIX_HEADER = YES;
				GCC_PREFIX_HEADER = "DiceZL5/DiceZL5-Prefix.pch";
				GCC_PREPROCESSOR_DEFINITIONS = (
					"DEBUG=1",
					"$(inherited)",
				);
				INFOPLIST_FILE = "DiceZL5Tests/DiceZL5Tests-Info.plist";
				PRODUCT_NAME = "$(TARGET_NAME)";
				TEST_HOST = "$(BUNDLE_LOADER)";
				WRAPPER_EXTENSION = xctest;
			};
			name = Debug;
		};
		EA8D6B2B19970DE700A5FD36 /* Release */ = {
			isa = XCBuildConfiguration;
			buildSettings = {
				BUNDLE_LOADER = "$(BUILT_PRODUCTS_DIR)/DiceZL5.app/DiceZL5";
				FRAMEWORK_SEARCH_PATHS = (
					"$(SDKROOT)/Developer/Library/Frameworks",
					"$(inherited)",
					"$(DEVELOPER_FRAMEWORKS_DIR)",
				);
				GCC_PRECOMPILE_PREFIX_HEADER = YES;
				GCC_PREFIX_HEADER = "DiceZL5/DiceZL5-Prefix.pch";
				INFOPLIST_FILE = "DiceZL5Tests/DiceZL5Tests-Info.plist";
				PRODUCT_NAME = "$(TARGET_NAME)";
				TEST_HOST = "$(BUNDLE_LOADER)";
				WRAPPER_EXTENSION = xctest;
			};
			name = Release;
		};
/* End XCBuildConfiguration section */

/* Begin XCConfigurationList section */
		EA8D6AEC19970DE600A5FD36 /* Build configuration list for PBXProject "DiceZL5" */ = {
			isa = XCConfigurationList;
			buildConfigurations = (
				EA8D6B2419970DE700A5FD36 /* Debug */,
				EA8D6B2519970DE700A5FD36 /* Release */,
			);
			defaultConfigurationIsVisible = 0;
			defaultConfigurationName = Release;
		};
		EA8D6B2619970DE700A5FD36 /* Build configuration list for PBXNativeTarget "DiceZL5" */ = {
			isa = XCConfigurationList;
			buildConfigurations = (
				EA8D6B2719970DE700A5FD36 /* Debug */,
				EA8D6B2819970DE700A5FD36 /* Release */,
			);
			defaultConfigurationIsVisible = 0;
			defaultConfigurationName = Release;
		};
		EA8D6B2919970DE700A5FD36 /* Build configuration list for PBXNativeTarget "DiceZL5Tests" */ = {
			isa = XCConfigurationList;
			buildConfigurations = (
				EA8D6B2A19970DE700A5FD36 /* Debug */,
				EA8D6B2B19970DE700A5FD36 /* Release */,
			);
			defaultConfigurationIsVisible = 0;
			defaultConfigurationName = Release;
		};
/* End XCConfigurationList section */
	};
	rootObject = EA8D6AE919970DE600A5FD36 /* Project object */;
}
